
Microsoft Visual Studio Solution File, Format Version 12.00
# Visual Studio Version 17
VisualStudioVersion = 17.11.35312.102
MinimumVisualStudioVersion = 10.0.40219.1
Project("{9A19103F-16F7-4668-BE54-9A1E7A4F7556}") = "FandomWiki", "FandomWiki\FandomWiki.csproj", "{FF5F323D-DD07-4BDA-88FF-89BABF81469D}"
EndProject
Project("{FAE04EC0-301F-11D3-BF4B-00C04F79EFBC}") = "Tests", "Tests\Tests.csproj", "{3FE12BC0-2E62-488E-B977-4E70D8DC732D}"
	ProjectSection(ProjectDependencies) = postProject
		{FF5F323D-DD07-4BDA-88FF-89BABF81469D} = {FF5F323D-DD07-4BDA-88FF-89BABF81469D}
	EndProjectSection
EndProject
Global
	GlobalSection(SolutionConfigurationPlatforms) = preSolution
		Debug|Any CPU = Debug|Any CPU
		Release|Any CPU = Release|Any CPU
	EndGlobalSection
	GlobalSection(ProjectConfigurationPlatforms) = postSolution
		{FF5F323D-DD07-4BDA-88FF-89BABF81469D}.Debug|Any CPU.ActiveCfg = Debug|Any CPU
		{FF5F323D-DD07-4BDA-88FF-89BABF81469D}.Debug|Any CPU.Build.0 = Debug|Any CPU
		{FF5F323D-DD07-4BDA-88FF-89BABF81469D}.Release|Any CPU.ActiveCfg = Release|Any CPU
		{FF5F323D-DD07-4BDA-88FF-89BABF81469D}.Release|Any CPU.Build.0 = Release|Any CPU
		{3FE12BC0-2E62-488E-B977-4E70D8DC732D}.Debug|Any CPU.ActiveCfg = Debug|Any CPU
		{3FE12BC0-2E62-488E-B977-4E70D8DC732D}.Debug|Any CPU.Build.0 = Debug|Any CPU
		{3FE12BC0-2E62-488E-B977-4E70D8DC732D}.Release|Any CPU.ActiveCfg = Release|Any CPU
		{3FE12BC0-2E62-488E-B977-4E70D8DC732D}.Release|Any CPU.Build.0 = Release|Any CPU
	EndGlobalSection
	GlobalSection(SolutionProperties) = preSolution
		HideSolutionNode = FALSE
	EndGlobalSection
	GlobalSection(ExtensibilityGlobals) = postSolution
		SolutionGuid = {EB3EBDE2-8C82-4637-9ECA-7DFDA372D534}
	EndGlobalSection
EndGlobal
